// !$*UTF8*$!
{
	archiveVersion = 1;
	classes = {
	};
	objectVersion = 46;
	objects = {

/* Begin PBXBuildFile section */
		DA2B9BFE159C9E9400908B10 /* Icon-x.png in Resources */ = {isa = PBXBuildFile; fileRef = DA2B9BFC159C9E9400908B10 /* Icon-x.png */; };
		DA2B9BFF159C9E9400908B10 /* Icon-x@2x.png in Resources */ = {isa = PBXBuildFile; fileRef = DA2B9BFD159C9E9400908B10 /* Icon-x@2x.png */; };
		DA4A7E6A159C4E3D00198696 /* CoreMotion.framework in Frameworks */ = {isa = PBXBuildFile; fileRef = DA4A7E69159C4E3D00198696 /* CoreMotion.framework */; };
		DA4A7E6E159C566400198696 /* NukeView.m in Sources */ = {isa = PBXBuildFile; fileRef = DA4A7E6D159C566400198696 /* NukeView.m */; };
		DA98D3D6159C751900034294 /* Compass.png in Resources */ = {isa = PBXBuildFile; fileRef = DA98D3D4159C751900034294 /* Compass.png */; };
		DA98D3D7159C751900034294 /* Compass@2x.png in Resources */ = {isa = PBXBuildFile; fileRef = DA98D3D5159C751900034294 /* Compass@2x.png */; };
		DAA56AC2159BF9B7007EEEC2 /* UIKit.framework in Frameworks */ = {isa = PBXBuildFile; fileRef = DAA56AC1159BF9B7007EEEC2 /* UIKit.framework */; };
		DAA56AC4159BF9B7007EEEC2 /* Foundation.framework in Frameworks */ = {isa = PBXBuildFile; fileRef = DAA56AC3159BF9B7007EEEC2 /* Foundation.framework */; };
		DAA56AC6159BF9B7007EEEC2 /* CoreGraphics.framework in Frameworks */ = {isa = PBXBuildFile; fileRef = DAA56AC5159BF9B7007EEEC2 /* CoreGraphics.framework */; };
		DAA56ACE159BF9B7007EEEC2 /* main.m in Sources */ = {isa = PBXBuildFile; fileRef = DAA56ACD159BF9B7007EEEC2 /* main.m */; };
		DAA56AD2159BF9B7007EEEC2 /* AppDelegate.m in Sources */ = {isa = PBXBuildFile; fileRef = DAA56AD1159BF9B7007EEEC2 /* AppDelegate.m */; };
		DAA56AD9159BFA2B007EEEC2 /* Icon-iPhone.png in Resources */ = {isa = PBXBuildFile; fileRef = DAA56AD8159BFA2B007EEEC2 /* Icon-iPhone.png */; };
		DAA56ADB159BFA2E007EEEC2 /* Icon-iPhone@2x.png in Resources */ = {isa = PBXBuildFile; fileRef = DAA56ADA159BFA2E007EEEC2 /* Icon-iPhone@2x.png */; };
		DAA56AEA159BFC73007EEEC2 /* ARViewController.m in Sources */ = {isa = PBXBuildFile; fileRef = DAA56AE9159BFC73007EEEC2 /* ARViewController.m */; };
		DAA56AF9159C0643007EEEC2 /* QuartzCore.framework in Frameworks */ = {isa = PBXBuildFile; fileRef = DAA56AF8159C0643007EEEC2 /* QuartzCore.framework */; };
		DAA56B06159C069E007EEEC2 /* AwesomeMenu.m in Sources */ = {isa = PBXBuildFile; fileRef = DAA56B03159C069E007EEEC2 /* AwesomeMenu.m */; settings = {COMPILER_FLAGS = "-fno-objc-arc"; }; };
		DAA56B07159C069E007EEEC2 /* AwesomeMenuItem.m in Sources */ = {isa = PBXBuildFile; fileRef = DAA56B05159C069E007EEEC2 /* AwesomeMenuItem.m */; settings = {COMPILER_FLAGS = "-fno-objc-arc"; }; };
		DAA56B1B159C0805007EEEC2 /* bg-menuitem-highlighted.png in Resources */ = {isa = PBXBuildFile; fileRef = DAA56B0D159C0804007EEEC2 /* bg-menuitem-highlighted.png */; };
		DAA56B1C159C0805007EEEC2 /* bg-menuitem-highlighted@2x.png in Resources */ = {isa = PBXBuildFile; fileRef = DAA56B0E159C0804007EEEC2 /* bg-menuitem-highlighted@2x.png */; };
		DAA56B1D159C0805007EEEC2 /* bg-menuitem.png in Resources */ = {isa = PBXBuildFile; fileRef = DAA56B0F159C0804007EEEC2 /* bg-menuitem.png */; };
		DAA56B1E159C0805007EEEC2 /* bg-menuitem@2x.png in Resources */ = {isa = PBXBuildFile; fileRef = DAA56B10159C0804007EEEC2 /* bg-menuitem@2x.png */; };
		DAA56B34159C10E5007EEEC2 /* Icon-1.png in Resources */ = {isa = PBXBuildFile; fileRef = DAA56B2A159C10E4007EEEC2 /* Icon-1.png */; };
		DAA56B35159C10E5007EEEC2 /* Icon-1@2x.png in Resources */ = {isa = PBXBuildFile; fileRef = DAA56B2B159C10E4007EEEC2 /* Icon-1@2x.png */; };
		DAA56B36159C10E5007EEEC2 /* Icon-2.png in Resources */ = {isa = PBXBuildFile; fileRef = DAA56B2C159C10E4007EEEC2 /* Icon-2.png */; };
		DAA56B37159C10E5007EEEC2 /* Icon-2@2x.png in Resources */ = {isa = PBXBuildFile; fileRef = DAA56B2D159C10E5007EEEC2 /* Icon-2@2x.png */; };
		DAA56B38159C10E5007EEEC2 /* Icon-3.png in Resources */ = {isa = PBXBuildFile; fileRef = DAA56B2E159C10E5007EEEC2 /* Icon-3.png */; };
		DAA56B39159C10E5007EEEC2 /* Icon-3@2x.png in Resources */ = {isa = PBXBuildFile; fileRef = DAA56B2F159C10E5007EEEC2 /* Icon-3@2x.png */; };
		DAA56B3A159C10E5007EEEC2 /* Icon-4.png in Resources */ = {isa = PBXBuildFile; fileRef = DAA56B30159C10E5007EEEC2 /* Icon-4.png */; };
		DAA56B3B159C10E5007EEEC2 /* Icon-4@2x.png in Resources */ = {isa = PBXBuildFile; fileRef = DAA56B31159C10E5007EEEC2 /* Icon-4@2x.png */; };
		DAA56B43159C1D91007EEEC2 /* CoreLocation.framework in Frameworks */ = {isa = PBXBuildFile; fileRef = DAA56B42159C1D91007EEEC2 /* CoreLocation.framework */; };
		DACA9FDA159C2A6500AAEBDC /* Nuke.png in Resources */ = {isa = PBXBuildFile; fileRef = DACA9FD8159C2A6500AAEBDC /* Nuke.png */; };
		DACA9FDB159C2A6500AAEBDC /* Nuke@2x.png in Resources */ = {isa = PBXBuildFile; fileRef = DACA9FD9159C2A6500AAEBDC /* Nuke@2x.png */; };
/* End PBXBuildFile section */

/* Begin PBXFileReference section */
		DA2B9BFC159C9E9400908B10 /* Icon-x.png */ = {isa = PBXFileReference; lastKnownFileType = image.png; path = "Icon-x.png"; sourceTree = "<group>"; };
		DA2B9BFD159C9E9400908B10 /* Icon-x@2x.png */ = {isa = PBXFileReference; lastKnownFileType = image.png; path = "Icon-x@2x.png"; sourceTree = "<group>"; };
		DA4A7E69159C4E3D00198696 /* CoreMotion.framework */ = {isa = PBXFileReference; lastKnownFileType = wrapper.framework; name = CoreMotion.framework; path = System/Library/Frameworks/CoreMotion.framework; sourceTree = SDKROOT; };
		DA4A7E6C159C566400198696 /* NukeView.h */ = {isa = PBXFileReference; fileEncoding = 4; lastKnownFileType = sourcecode.c.h; path = NukeView.h; sourceTree = "<group>"; };
		DA4A7E6D159C566400198696 /* NukeView.m */ = {isa = PBXFileReference; fileEncoding = 4; lastKnownFileType = sourcecode.c.objc; path = NukeView.m; sourceTree = "<group>"; };
		DA98D3D4159C751900034294 /* Compass.png */ = {isa = PBXFileReference; lastKnownFileType = image.png; path = Compass.png; sourceTree = "<group>"; };
		DA98D3D5159C751900034294 /* Compass@2x.png */ = {isa = PBXFileReference; lastKnownFileType = image.png; path = "Compass@2x.png"; sourceTree = "<group>"; };
		DAA56ABD159BF9B7007EEEC2 /* NoNuke.app */ = {isa = PBXFileReference; explicitFileType = wrapper.application; includeInIndex = 0; path = NoNuke.app; sourceTree = BUILT_PRODUCTS_DIR; };
		DAA56AC1159BF9B7007EEEC2 /* UIKit.framework */ = {isa = PBXFileReference; lastKnownFileType = wrapper.framework; name = UIKit.framework; path = System/Library/Frameworks/UIKit.framework; sourceTree = SDKROOT; };
		DAA56AC3159BF9B7007EEEC2 /* Foundation.framework */ = {isa = PBXFileReference; lastKnownFileType = wrapper.framework; name = Foundation.framework; path = System/Library/Frameworks/Foundation.framework; sourceTree = SDKROOT; };
		DAA56AC5159BF9B7007EEEC2 /* CoreGraphics.framework */ = {isa = PBXFileReference; lastKnownFileType = wrapper.framework; name = CoreGraphics.framework; path = System/Library/Frameworks/CoreGraphics.framework; sourceTree = SDKROOT; };
		DAA56AC9159BF9B7007EEEC2 /* NoNuke-Info.plist */ = {isa = PBXFileReference; lastKnownFileType = text.plist.xml; path = "NoNuke-Info.plist"; sourceTree = "<group>"; };
		DAA56ACD159BF9B7007EEEC2 /* main.m */ = {isa = PBXFileReference; lastKnownFileType = sourcecode.c.objc; path = main.m; sourceTree = "<group>"; };
		DAA56ACF159BF9B7007EEEC2 /* NoNuke-Prefix.pch */ = {isa = PBXFileReference; lastKnownFileType = sourcecode.c.h; path = "NoNuke-Prefix.pch"; sourceTree = "<group>"; };
		DAA56AD0159BF9B7007EEEC2 /* AppDelegate.h */ = {isa = PBXFileReference; lastKnownFileType = sourcecode.c.h; path = AppDelegate.h; sourceTree = "<group>"; };
		DAA56AD1159BF9B7007EEEC2 /* AppDelegate.m */ = {isa = PBXFileReference; lastKnownFileType = sourcecode.c.objc; path = AppDelegate.m; sourceTree = "<group>"; };
		DAA56AD8159BFA2B007EEEC2 /* Icon-iPhone.png */ = {isa = PBXFileReference; lastKnownFileType = image.png; path = "Icon-iPhone.png"; sourceTree = "<group>"; };
		DAA56ADA159BFA2E007EEEC2 /* Icon-iPhone@2x.png */ = {isa = PBXFileReference; lastKnownFileType = image.png; path = "Icon-iPhone@2x.png"; sourceTree = "<group>"; };
		DAA56AE8159BFC73007EEEC2 /* ARViewController.h */ = {isa = PBXFileReference; fileEncoding = 4; lastKnownFileType = sourcecode.c.h; path = ARViewController.h; sourceTree = "<group>"; };
		DAA56AE9159BFC73007EEEC2 /* ARViewController.m */ = {isa = PBXFileReference; fileEncoding = 4; lastKnownFileType = sourcecode.c.objc; path = ARViewController.m; sourceTree = "<group>"; };
		DAA56AF8159C0643007EEEC2 /* QuartzCore.framework */ = {isa = PBXFileReference; lastKnownFileType = wrapper.framework; name = QuartzCore.framework; path = System/Library/Frameworks/QuartzCore.framework; sourceTree = SDKROOT; };
		DAA56B02159C069E007EEEC2 /* AwesomeMenu.h */ = {isa = PBXFileReference; fileEncoding = 4; lastKnownFileType = sourcecode.c.h; path = AwesomeMenu.h; sourceTree = "<group>"; };
		DAA56B03159C069E007EEEC2 /* AwesomeMenu.m */ = {isa = PBXFileReference; fileEncoding = 4; lastKnownFileType = sourcecode.c.objc; path = AwesomeMenu.m; sourceTree = "<group>"; };
		DAA56B04159C069E007EEEC2 /* AwesomeMenuItem.h */ = {isa = PBXFileReference; fileEncoding = 4; lastKnownFileType = sourcecode.c.h; path = AwesomeMenuItem.h; sourceTree = "<group>"; };
		DAA56B05159C069E007EEEC2 /* AwesomeMenuItem.m */ = {isa = PBXFileReference; fileEncoding = 4; lastKnownFileType = sourcecode.c.objc; path = AwesomeMenuItem.m; sourceTree = "<group>"; };
		DAA56B0D159C0804007EEEC2 /* bg-menuitem-highlighted.png */ = {isa = PBXFileReference; lastKnownFileType = image.png; path = "bg-menuitem-highlighted.png"; sourceTree = "<group>"; };
		DAA56B0E159C0804007EEEC2 /* bg-menuitem-highlighted@2x.png */ = {isa = PBXFileReference; lastKnownFileType = image.png; path = "bg-menuitem-highlighted@2x.png"; sourceTree = "<group>"; };
		DAA56B0F159C0804007EEEC2 /* bg-menuitem.png */ = {isa = PBXFileReference; lastKnownFileType = image.png; path = "bg-menuitem.png"; sourceTree = "<group>"; };
		DAA56B10159C0804007EEEC2 /* bg-menuitem@2x.png */ = {isa = PBXFileReference; lastKnownFileType = image.png; path = "bg-menuitem@2x.png"; sourceTree = "<group>"; };
		DAA56B2A159C10E4007EEEC2 /* Icon-1.png */ = {isa = PBXFileReference; lastKnownFileType = image.png; path = "Icon-1.png"; sourceTree = "<group>"; };
		DAA56B2B159C10E4007EEEC2 /* Icon-1@2x.png */ = {isa = PBXFileReference; lastKnownFileType = image.png; path = "Icon-1@2x.png"; sourceTree = "<group>"; };
		DAA56B2C159C10E4007EEEC2 /* Icon-2.png */ = {isa = PBXFileReference; lastKnownFileType = image.png; path = "Icon-2.png"; sourceTree = "<group>"; };
		DAA56B2D159C10E5007EEEC2 /* Icon-2@2x.png */ = {isa = PBXFileReference; lastKnownFileType = image.png; path = "Icon-2@2x.png"; sourceTree = "<group>"; };
		DAA56B2E159C10E5007EEEC2 /* Icon-3.png */ = {isa = PBXFileReference; lastKnownFileType = image.png; path = "Icon-3.png"; sourceTree = "<group>"; };
		DAA56B2F159C10E5007EEEC2 /* Icon-3@2x.png */ = {isa = PBXFileReference; lastKnownFileType = image.png; path = "Icon-3@2x.png"; sourceTree = "<group>"; };
		DAA56B30159C10E5007EEEC2 /* Icon-4.png */ = {isa = PBXFileReference; lastKnownFileType = image.png; path = "Icon-4.png"; sourceTree = "<group>"; };
		DAA56B31159C10E5007EEEC2 /* Icon-4@2x.png */ = {isa = PBXFileReference; lastKnownFileType = image.png; path = "Icon-4@2x.png"; sourceTree = "<group>"; };
		DAA56B42159C1D91007EEEC2 /* CoreLocation.framework */ = {isa = PBXFileReference; lastKnownFileType = wrapper.framework; name = CoreLocation.framework; path = System/Library/Frameworks/CoreLocation.framework; sourceTree = SDKROOT; };
		DACA9FD8159C2A6500AAEBDC /* Nuke.png */ = {isa = PBXFileReference; lastKnownFileType = image.png; path = Nuke.png; sourceTree = "<group>"; };
		DACA9FD9159C2A6500AAEBDC /* Nuke@2x.png */ = {isa = PBXFileReference; lastKnownFileType = image.png; path = "Nuke@2x.png"; sourceTree = "<group>"; };
/* End PBXFileReference section */

/* Begin PBXFrameworksBuildPhase section */
		DAA56ABA159BF9B7007EEEC2 /* Frameworks */ = {
			isa = PBXFrameworksBuildPhase;
			buildActionMask = 2147483647;
			files = (
				DA4A7E6A159C4E3D00198696 /* CoreMotion.framework in Frameworks */,
				DAA56B43159C1D91007EEEC2 /* CoreLocation.framework in Frameworks */,
				DAA56AF9159C0643007EEEC2 /* QuartzCore.framework in Frameworks */,
				DAA56AC2159BF9B7007EEEC2 /* UIKit.framework in Frameworks */,
				DAA56AC4159BF9B7007EEEC2 /* Foundation.framework in Frameworks */,
				DAA56AC6159BF9B7007EEEC2 /* CoreGraphics.framework in Frameworks */,
			);
			runOnlyForDeploymentPostprocessing = 0;
		};
/* End PBXFrameworksBuildPhase section */

/* Begin PBXGroup section */
		DAA56AB2159BF9B7007EEEC2 = {
			isa = PBXGroup;
			children = (
				DAA56ADA159BFA2E007EEEC2 /* Icon-iPhone@2x.png */,
				DAA56AD8159BFA2B007EEEC2 /* Icon-iPhone.png */,
				DAA56B01159C069E007EEEC2 /* AwesomeMenu */,
				DAA56AC7159BF9B7007EEEC2 /* NoNuke */,
				DAA56AC0159BF9B7007EEEC2 /* Frameworks */,
				DAA56ABE159BF9B7007EEEC2 /* Products */,
			);
			sourceTree = "<group>";
		};
		DAA56ABE159BF9B7007EEEC2 /* Products */ = {
			isa = PBXGroup;
			children = (
				DAA56ABD159BF9B7007EEEC2 /* NoNuke.app */,
			);
			name = Products;
			sourceTree = "<group>";
		};
		DAA56AC0159BF9B7007EEEC2 /* Frameworks */ = {
			isa = PBXGroup;
			children = (
				DA4A7E69159C4E3D00198696 /* CoreMotion.framework */,
				DAA56B42159C1D91007EEEC2 /* CoreLocation.framework */,
				DAA56AF8159C0643007EEEC2 /* QuartzCore.framework */,
				DAA56AC1159BF9B7007EEEC2 /* UIKit.framework */,
				DAA56AC3159BF9B7007EEEC2 /* Foundation.framework */,
				DAA56AC5159BF9B7007EEEC2 /* CoreGraphics.framework */,
			);
			name = Frameworks;
			sourceTree = "<group>";
		};
		DAA56AC7159BF9B7007EEEC2 /* NoNuke */ = {
			isa = PBXGroup;
			children = (
				DAA56B25159C080E007EEEC2 /* Images */,
				DAA56AD0159BF9B7007EEEC2 /* AppDelegate.h */,
				DAA56AD1159BF9B7007EEEC2 /* AppDelegate.m */,
				DAA56AE8159BFC73007EEEC2 /* ARViewController.h */,
				DAA56AE9159BFC73007EEEC2 /* ARViewController.m */,
				DA4A7E6C159C566400198696 /* NukeView.h */,
				DA4A7E6D159C566400198696 /* NukeView.m */,
				DAA56AC8159BF9B7007EEEC2 /* Supporting Files */,
			);
			path = NoNuke;
			sourceTree = "<group>";
		};
		DAA56AC8159BF9B7007EEEC2 /* Supporting Files */ = {
			isa = PBXGroup;
			children = (
				DAA56AC9159BF9B7007EEEC2 /* NoNuke-Info.plist */,
				DAA56ACF159BF9B7007EEEC2 /* NoNuke-Prefix.pch */,
				DAA56ACD159BF9B7007EEEC2 /* main.m */,
			);
			name = "Supporting Files";
			sourceTree = "<group>";
		};
		DAA56B01159C069E007EEEC2 /* AwesomeMenu */ = {
			isa = PBXGroup;
			children = (
				DAA56B02159C069E007EEEC2 /* AwesomeMenu.h */,
				DAA56B03159C069E007EEEC2 /* AwesomeMenu.m */,
				DAA56B04159C069E007EEEC2 /* AwesomeMenuItem.h */,
				DAA56B05159C069E007EEEC2 /* AwesomeMenuItem.m */,
			);
			name = AwesomeMenu;
			path = ../../../SDK/AwesomeMenu;
			sourceTree = "<group>";
		};
		DAA56B25159C080E007EEEC2 /* Images */ = {
			isa = PBXGroup;
			children = (
				DA98D3D4159C751900034294 /* Compass.png */,
				DA98D3D5159C751900034294 /* Compass@2x.png */,
				DAA56B0D159C0804007EEEC2 /* bg-menuitem-highlighted.png */,
				DAA56B0E159C0804007EEEC2 /* bg-menuitem-highlighted@2x.png */,
				DAA56B0F159C0804007EEEC2 /* bg-menuitem.png */,
				DAA56B10159C0804007EEEC2 /* bg-menuitem@2x.png */,
				DACA9FD8159C2A6500AAEBDC /* Nuke.png */,
				DACA9FD9159C2A6500AAEBDC /* Nuke@2x.png */,
				DAA56B2A159C10E4007EEEC2 /* Icon-1.png */,
				DAA56B2B159C10E4007EEEC2 /* Icon-1@2x.png */,
				DAA56B2C159C10E4007EEEC2 /* Icon-2.png */,
				DAA56B2D159C10E5007EEEC2 /* Icon-2@2x.png */,
				DAA56B2E159C10E5007EEEC2 /* Icon-3.png */,
				DAA56B2F159C10E5007EEEC2 /* Icon-3@2x.png */,
				DAA56B30159C10E5007EEEC2 /* Icon-4.png */,
				DAA56B31159C10E5007EEEC2 /* Icon-4@2x.png */,
				DA2B9BFC159C9E9400908B10 /* Icon-x.png */,
				DA2B9BFD159C9E9400908B10 /* Icon-x@2x.png */,
			);
			name = Images;
			sourceTree = "<group>";
		};
/* End PBXGroup section */

/* Begin PBXNativeTarget section */
		DAA56ABC159BF9B7007EEEC2 /* NoNuke */ = {
			isa = PBXNativeTarget;
			buildConfigurationList = DAA56AD5159BF9B7007EEEC2 /* Build configuration list for PBXNativeTarget "NoNuke" */;
			buildPhases = (
				DAA56AB9159BF9B7007EEEC2 /* Sources */,
				DAA56ABA159BF9B7007EEEC2 /* Frameworks */,
				DAA56ABB159BF9B7007EEEC2 /* Resources */,
			);
			buildRules = (
			);
			dependencies = (
			);
			name = NoNuke;
			productName = NoNuke;
			productReference = DAA56ABD159BF9B7007EEEC2 /* NoNuke.app */;
			productType = "com.apple.product-type.application";
		};
/* End PBXNativeTarget section */

/* Begin PBXProject section */
		DAA56AB4159BF9B7007EEEC2 /* Project object */ = {
			isa = PBXProject;
			attributes = {
				LastUpgradeCheck = 0430;
				ORGANIZATIONNAME = Prodisky;
			};
			buildConfigurationList = DAA56AB7159BF9B7007EEEC2 /* Build configuration list for PBXProject "NoNuke" */;
			compatibilityVersion = "Xcode 3.2";
			developmentRegion = English;
			hasScannedForEncodings = 0;
			knownRegions = (
				en,
			);
			mainGroup = DAA56AB2159BF9B7007EEEC2;
			productRefGroup = DAA56ABE159BF9B7007EEEC2 /* Products */;
			projectDirPath = "";
			projectRoot = "";
			targets = (
				DAA56ABC159BF9B7007EEEC2 /* NoNuke */,
			);
		};
/* End PBXProject section */

/* Begin PBXResourcesBuildPhase section */
		DAA56ABB159BF9B7007EEEC2 /* Resources */ = {
			isa = PBXResourcesBuildPhase;
			buildActionMask = 2147483647;
			files = (
				DAA56AD9159BFA2B007EEEC2 /* Icon-iPhone.png in Resources */,
				DAA56ADB159BFA2E007EEEC2 /* Icon-iPhone@2x.png in Resources */,
				DAA56B1B159C0805007EEEC2 /* bg-menuitem-highlighted.png in Resources */,
				DAA56B1C159C0805007EEEC2 /* bg-menuitem-highlighted@2x.png in Resources */,
				DAA56B1D159C0805007EEEC2 /* bg-menuitem.png in Resources */,
				DAA56B1E159C0805007EEEC2 /* bg-menuitem@2x.png in Resources */,
				DAA56B34159C10E5007EEEC2 /* Icon-1.png in Resources */,
				DAA56B35159C10E5007EEEC2 /* Icon-1@2x.png in Resources */,
				DAA56B36159C10E5007EEEC2 /* Icon-2.png in Resources */,
				DAA56B37159C10E5007EEEC2 /* Icon-2@2x.png in Resources */,
				DAA56B38159C10E5007EEEC2 /* Icon-3.png in Resources */,
				DAA56B39159C10E5007EEEC2 /* Icon-3@2x.png in Resources */,
				DAA56B3A159C10E5007EEEC2 /* Icon-4.png in Resources */,
				DAA56B3B159C10E5007EEEC2 /* Icon-4@2x.png in Resources */,
				DACA9FDA159C2A6500AAEBDC /* Nuke.png in Resources */,
				DACA9FDB159C2A6500AAEBDC /* Nuke@2x.png in Resources */,
				DA98D3D6159C751900034294 /* Compass.png in Resources */,
				DA98D3D7159C751900034294 /* Compass@2x.png in Resources */,
				DA2B9BFE159C9E9400908B10 /* Icon-x.png in Resources */,
				DA2B9BFF159C9E9400908B10 /* Icon-x@2x.png in Resources */,
			);
			runOnlyForDeploymentPostprocessing = 0;
		};
/* End PBXResourcesBuildPhase section */

/* Begin PBXSourcesBuildPhase section */
		DAA56AB9159BF9B7007EEEC2 /* Sources */ = {
			isa = PBXSourcesBuildPhase;
			buildActionMask = 2147483647;
			files = (
				DAA56ACE159BF9B7007EEEC2 /* main.m in Sources */,
				DAA56AD2159BF9B7007EEEC2 /* AppDelegate.m in Sources */,
				DAA56AEA159BFC73007EEEC2 /* ARViewController.m in Sources */,
				DAA56B06159C069E007EEEC2 /* AwesomeMenu.m in Sources */,
				DAA56B07159C069E007EEEC2 /* AwesomeMenuItem.m in Sources */,
				DA4A7E6E159C566400198696 /* NukeView.m in Sources */,
			);
			runOnlyForDeploymentPostprocessing = 0;
		};
/* End PBXSourcesBuildPhase section */

/* Begin XCBuildConfiguration section */
		DAA56AD3159BF9B7007EEEC2 /* Debug */ = {
			isa = XCBuildConfiguration;
			buildSettings = {
				ALWAYS_SEARCH_USER_PATHS = NO;
				ARCHS = "$(ARCHS_STANDARD_32_BIT)";
				CLANG_ENABLE_OBJC_ARC = YES;
				"CODE_SIGN_IDENTITY[sdk=iphoneos*]" = "iPhone Developer";
				COPY_PHASE_STRIP = NO;
				GCC_C_LANGUAGE_STANDARD = gnu99;
				GCC_DYNAMIC_NO_PIC = NO;
				GCC_OPTIMIZATION_LEVEL = 0;
				GCC_PREPROCESSOR_DEFINITIONS = (
					"DEBUG=1",
					"$(inherited)",
				);
				GCC_SYMBOLS_PRIVATE_EXTERN = NO;
				GCC_VERSION = com.apple.compilers.llvm.clang.1_0;
				GCC_WARN_ABOUT_RETURN_TYPE = YES;
				GCC_WARN_UNINITIALIZED_AUTOS = YES;
				GCC_WARN_UNUSED_VARIABLE = YES;
				IPHONEOS_DEPLOYMENT_TARGET = 4.3;
				SDKROOT = iphoneos;
			};
			name = Debug;
		};
		DAA56AD4159BF9B7007EEEC2 /* Release */ = {
			isa = XCBuildConfiguration;
			buildSettings = {
				ALWAYS_SEARCH_USER_PATHS = NO;
				ARCHS = "$(ARCHS_STANDARD_32_BIT)";
				CLANG_ENABLE_OBJC_ARC = YES;
				"CODE_SIGN_IDENTITY[sdk=iphoneos*]" = "iPhone Developer";
				COPY_PHASE_STRIP = YES;
				GCC_C_LANGUAGE_STANDARD = gnu99;
				GCC_VERSION = com.apple.compilers.llvm.clang.1_0;
				GCC_WARN_ABOUT_RETURN_TYPE = YES;
				GCC_WARN_UNINITIALIZED_AUTOS = YES;
				GCC_WARN_UNUSED_VARIABLE = YES;
				IPHONEOS_DEPLOYMENT_TARGET = 4.3;
				OTHER_CFLAGS = "-DNS_BLOCK_ASSERTIONS=1";
				SDKROOT = iphoneos;
				VALIDATE_PRODUCT = YES;
			};
			name = Release;
		};
		DAA56AD6159BF9B7007EEEC2 /* Debug */ = {
			isa = XCBuildConfiguration;
			buildSettings = {
				GCC_PRECOMPILE_PREFIX_HEADER = YES;
				GCC_PREFIX_HEADER = "NoNuke/NoNuke-Prefix.pch";
				INFOPLIST_FILE = "NoNuke/NoNuke-Info.plist";
				IPHONEOS_DEPLOYMENT_TARGET = 4.3;
				PRODUCT_NAME = "$(TARGET_NAME)";
				WRAPPER_EXTENSION = app;
			};
			name = Debug;
		};
		DAA56AD7159BF9B7007EEEC2 /* Release */ = {
			isa = XCBuildConfiguration;
			buildSettings = {
				GCC_PRECOMPILE_PREFIX_HEADER = YES;
				GCC_PREFIX_HEADER = "NoNuke/NoNuke-Prefix.pch";
				INFOPLIST_FILE = "NoNuke/NoNuke-Info.plist";
				IPHONEOS_DEPLOYMENT_TARGET = 4.3;
				PRODUCT_NAME = "$(TARGET_NAME)";
				WRAPPER_EXTENSION = app;
			};
			name = Release;
		};
/* End XCBuildConfiguration section */

/* Begin XCConfigurationList section */
		DAA56AB7159BF9B7007EEEC2 /* Build configuration list for PBXProject "NoNuke" */ = {
			isa = XCConfigurationList;
			buildConfigurations = (
				DAA56AD3159BF9B7007EEEC2 /* Debug */,
				DAA56AD4159BF9B7007EEEC2 /* Release */,
			);
			defaultConfigurationIsVisible = 0;
			defaultConfigurationName = Release;
		};
		DAA56AD5159BF9B7007EEEC2 /* Build configuration list for PBXNativeTarget "NoNuke" */ = {
			isa = XCConfigurationList;
			buildConfigurations = (
				DAA56AD6159BF9B7007EEEC2 /* Debug */,
				DAA56AD7159BF9B7007EEEC2 /* Release */,
			);
			defaultConfigurationIsVisible = 0;
			defaultConfigurationName = Release;
		};
/* End XCConfigurationList section */
	};
	rootObject = DAA56AB4159BF9B7007EEEC2 /* Project object */;
}
